
Microsoft Visual Studio Solution File, Format Version 12.00
# Visual Studio 15
VisualStudioVersion = 15.0.28307.1585
MinimumVisualStudioVersion = 10.0.40219.1
Project("{FAE04EC0-301F-11D3-BF4B-00C04F79EFBC}") = "slides", "slides\slides.csproj", "{C8EC1695-130B-4F5D-85AE-B42680C72581}"
EndProject
Global
	GlobalSection(SolutionConfigurationPlatforms) = preSolution
		Debug|Any CPU = Debug|Any CPU
		Release|Any CPU = Release|Any CPU
	EndGlobalSection
	GlobalSection(ProjectConfigurationPlatforms) = postSolution
		{C8EC1695-130B-4F5D-85AE-B42680C72581}.Debug|Any CPU.ActiveCfg = Debug|Any CPU
		{C8EC1695-130B-4F5D-85AE-B42680C72581}.Debug|Any CPU.Build.0 = Debug|Any CPU
		{C8EC1695-130B-4F5D-85AE-B42680C72581}.Release|Any CPU.ActiveCfg = Release|Any CPU
		{C8EC1695-130B-4F5D-85AE-B42680C72581}.Release|Any CPU.Build.0 = Release|Any CPU
	EndGlobalSection
	GlobalSection(SolutionProperties) = preSolution
		HideSolutionNode = FALSE
	EndGlobalSection
	GlobalSection(ExtensibilityGlobals) = postSolution
		SolutionGuid = {121D719F-C1C6-431B-BC5E-8E0C2F2153CD}
	EndGlobalSection
EndGlobal
